{
  "name": "the-grid",
  "version": "0.0.0",
  "lockfileVersion": 1,
  "requires": true,
  "dependencies": {
    "@polymer/polymer": {
      "version": "3.4.1",
      "resolved": "https://registry.npmjs.org/@polymer/polymer/-/polymer-3.4.1.tgz",
      "integrity": "sha512-KPWnhDZibtqKrUz7enIPOiO4ZQoJNOuLwqrhV2MXzIt3VVnUVJVG5ORz4Z2sgO+UZ+/UZnPD0jqY+jmw/+a9mQ==",
      "requires": {
        "@webcomponents/shadycss": "^1.9.1"
      }
    },
    "@webcomponents/shadycss": {
      "version": "1.10.1",
      "resolved": "https://registry.npmjs.org/@webcomponents/shadycss/-/shadycss-1.10.1.tgz",
      "integrity": "sha512-XEVDA7oH6o4Au9apyRDucjcIzvP44Ur4sqTMGRKCcE6sCAeKiOkRE03TCYNJAFkzckMWWT8Xx3IxG3iwjAcsRQ=="
    },
    "paper-grid": {
      "version": "git+https://github.com/sarbull/paper-grid.git#969140999e09b134a6732ef1d992fb8f8bfffb5f",
      "from": "git+https://github.com/sarbull/paper-grid.git#3.0.5",
      "requires": {
        "@polymer/polymer": "^3.2.0"
      }
    }
  }
}
