{
  "name": "the-grid",
  "version": "0.0.0",
  "lockfileVersion": 1,
  "requires": true,
  "dependencies": {
    "@fluidnext-polymer/paper-grid": {
      "version": "3.0.4",
      "resolved": "https://registry.npmjs.org/@fluidnext-polymer/paper-grid/-/paper-grid-3.0.4.tgz",
      "integrity": "sha512-4FsWO5VhkHmlkeAhz9a7NH9E+hb0aSPIfrfD65CfBOxYnCIckq7x4DOUk2/7JwNS2R7DCVVlbq9GKDaPNLiyoQ==",
      "requires": {
        "@polymer/polymer": "^3.2.0"
      }
    },
    "@polymer/polymer": {
      "version": "3.4.1",
      "resolved": "https://registry.npmjs.org/@polymer/polymer/-/polymer-3.4.1.tgz",
      "integrity": "sha512-KPWnhDZibtqKrUz7enIPOiO4ZQoJNOuLwqrhV2MXzIt3VVnUVJVG5ORz4Z2sgO+UZ+/UZnPD0jqY+jmw/+a9mQ==",
      "requires": {
        "@webcomponents/shadycss": "^1.9.1"
      }
    },
    "@webcomponents/shadycss": {
      "version": "1.10.1",
      "resolved": "https://registry.npmjs.org/@webcomponents/shadycss/-/shadycss-1.10.1.tgz",
      "integrity": "sha512-XEVDA7oH6o4Au9apyRDucjcIzvP44Ur4sqTMGRKCcE6sCAeKiOkRE03TCYNJAFkzckMWWT8Xx3IxG3iwjAcsRQ=="
    }
  }
}
